
Microsoft Visual Studio Solution File, Format Version 12.00
# Visual Studio 15
VisualStudioVersion = 15.0.26430.6
MinimumVisualStudioVersion = 10.0.40219.1
Project("{FAE04EC0-301F-11D3-BF4B-00C04F79EFBC}") = "SwiftCodesParser.Console", "SwiftCodesParser\SwiftCodesParser.Console.csproj", "{91ECB2FA-873F-4C62-9D5A-96D6FADDD9BC}"
EndProject
Project("{FAE04EC0-301F-11D3-BF4B-00C04F79EFBC}") = "SwiftCodesParser.Tests", "SwiftCodesParser.Tests\SwiftCodesParser.Tests.csproj", "{F5D1D8E4-D1ED-48A1-9E5F-4146C5F6B5A8}"
EndProject
Project("{FAE04EC0-301F-11D3-BF4B-00C04F79EFBC}") = "SwiftCodesParser.Parse", "SwiftCodesParser.Parse\SwiftCodesParser.Parse.csproj", "{A2CA5C80-30BE-4C94-9A6B-6A6F6DB680DA}"
EndProject
Global
	GlobalSection(SolutionConfigurationPlatforms) = preSolution
		Debug|Any CPU = Debug|Any CPU
		Release|Any CPU = Release|Any CPU
	EndGlobalSection
	GlobalSection(ProjectConfigurationPlatforms) = postSolution
		{91ECB2FA-873F-4C62-9D5A-96D6FADDD9BC}.Debug|Any CPU.ActiveCfg = Debug|Any CPU
		{91ECB2FA-873F-4C62-9D5A-96D6FADDD9BC}.Debug|Any CPU.Build.0 = Debug|Any CPU
		{91ECB2FA-873F-4C62-9D5A-96D6FADDD9BC}.Release|Any CPU.ActiveCfg = Release|Any CPU
		{91ECB2FA-873F-4C62-9D5A-96D6FADDD9BC}.Release|Any CPU.Build.0 = Release|Any CPU
		{F5D1D8E4-D1ED-48A1-9E5F-4146C5F6B5A8}.Debug|Any CPU.ActiveCfg = Debug|Any CPU
		{F5D1D8E4-D1ED-48A1-9E5F-4146C5F6B5A8}.Debug|Any CPU.Build.0 = Debug|Any CPU
		{F5D1D8E4-D1ED-48A1-9E5F-4146C5F6B5A8}.Release|Any CPU.ActiveCfg = Release|Any CPU
		{F5D1D8E4-D1ED-48A1-9E5F-4146C5F6B5A8}.Release|Any CPU.Build.0 = Release|Any CPU
		{A2CA5C80-30BE-4C94-9A6B-6A6F6DB680DA}.Debug|Any CPU.ActiveCfg = Debug|Any CPU
		{A2CA5C80-30BE-4C94-9A6B-6A6F6DB680DA}.Debug|Any CPU.Build.0 = Debug|Any CPU
		{A2CA5C80-30BE-4C94-9A6B-6A6F6DB680DA}.Release|Any CPU.ActiveCfg = Release|Any CPU
		{A2CA5C80-30BE-4C94-9A6B-6A6F6DB680DA}.Release|Any CPU.Build.0 = Release|Any CPU
	EndGlobalSection
	GlobalSection(SolutionProperties) = preSolution
		HideSolutionNode = FALSE
	EndGlobalSection
EndGlobal
